
Microsoft Visual Studio Solution File, Format Version 12.00
# Visual Studio Version 17
VisualStudioVersion = 17.14.37012.4
MinimumVisualStudioVersion = 10.0.40219.1
Project("{FAE04EC0-301F-11D3-BF4B-00C04F79EFBC}") = "EasyEdit", "EasyEdit\EasyEdit.csproj", "{FD1D2E01-4A74-4FE2-AA8D-AAFC4941A0A2}"
EndProject
Global
	GlobalSection(SolutionConfigurationPlatforms) = preSolution
		Debug|x64 = Debug|x64
		Release|x64 = Release|x64
	EndGlobalSection
	GlobalSection(ProjectConfigurationPlatforms) = postSolution
		{FD1D2E01-4A74-4FE2-AA8D-AAFC4941A0A2}.Debug|x64.ActiveCfg = Debug|x64
		{FD1D2E01-4A74-4FE2-AA8D-AAFC4941A0A2}.Debug|x64.Build.0 = Debug|x64
		{FD1D2E01-4A74-4FE2-AA8D-AAFC4941A0A2}.Release|x64.ActiveCfg = Release|x64
		{FD1D2E01-4A74-4FE2-AA8D-AAFC4941A0A2}.Release|x64.Build.0 = Release|x64
	EndGlobalSection
	GlobalSection(SolutionProperties) = preSolution
		HideSolutionNode = FALSE
	EndGlobalSection
	GlobalSection(ExtensibilityGlobals) = postSolution
		SolutionGuid = {DF8909FA-12EF-47B8-888A-83073A03E6AF}
	EndGlobalSection
EndGlobal
