
Microsoft Visual Studio Solution File, Format Version 12.00
# Visual Studio Version 17
VisualStudioVersion = 17.14.37012.4 d17.14
MinimumVisualStudioVersion = 10.0.40219.1
Project("{FAE04EC0-301F-11D3-BF4B-00C04F79EFBC}") = "EasyEdit", "EasyEdit\EasyEdit.csproj", "{FD1D2E01-4A74-4FE2-AA8D-AAFC4941A0A2}"
EndProject
Global
	GlobalSection(SolutionConfigurationPlatforms) = preSolution
		Debug|Any CPU = Debug|Any CPU
		Release|Any CPU = Release|Any CPU
	EndGlobalSection
	GlobalSection(ProjectConfigurationPlatforms) = postSolution
		{FD1D2E01-4A74-4FE2-AA8D-AAFC4941A0A2}.Debug|Any CPU.ActiveCfg = Debug|Any CPU
		{FD1D2E01-4A74-4FE2-AA8D-AAFC4941A0A2}.Debug|Any CPU.Build.0 = Debug|Any CPU
		{FD1D2E01-4A74-4FE2-AA8D-AAFC4941A0A2}.Release|Any CPU.ActiveCfg = Release|Any CPU
		{FD1D2E01-4A74-4FE2-AA8D-AAFC4941A0A2}.Release|Any CPU.Build.0 = Release|Any CPU
	EndGlobalSection
	GlobalSection(SolutionProperties) = preSolution
		HideSolutionNode = FALSE
	EndGlobalSection
	GlobalSection(ExtensibilityGlobals) = postSolution
		SolutionGuid = {DF8909FA-12EF-47B8-888A-83073A03E6AF}
	EndGlobalSection
EndGlobal
